// !$*UTF8*$!
{
	archiveVersion = 1;
	classes = {
	};
	objectVersion = 56;
	objects = {

/* Begin PBXBuildFile section */
		AC01DA9A2CA7A29A00B307D5 /* HomePage.swift in Sources */ = {isa = PBXBuildFile; fileRef = AC01DA992CA7A29300B307D5 /* HomePage.swift */; };
		AC01DA9D2CA7A32900B307D5 /* BookmarkView.swift in Sources */ = {isa = PBXBuildFile; fileRef = AC01DA9C2CA7A32900B307D5 /* BookmarkView.swift */; };
		AC01DAA02CA7BFE800B307D5 /* BottomNavBar.swift in Sources */ = {isa = PBXBuildFile; fileRef = AC01DA9F2CA7BFE800B307D5 /* BottomNavBar.swift */; };
		AC01DAA22CA7C7E000B307D5 /* BookmarkViewModel.swift in Sources */ = {isa = PBXBuildFile; fileRef = AC01DAA12CA7C7E000B307D5 /* BookmarkViewModel.swift */; };
		AC01DAA62CA7C80300B307D5 /* Bookmark.swift in Sources */ = {isa = PBXBuildFile; fileRef = AC01DAA52CA7C80300B307D5 /* Bookmark.swift */; };
		AC6137252C93A6CD0040A617 /* bluehire_frontendApp.swift in Sources */ = {isa = PBXBuildFile; fileRef = AC6137242C93A6CD0040A617 /* bluehire_frontendApp.swift */; };
		AC6137272C93A6CD0040A617 /* RootView.swift in Sources */ = {isa = PBXBuildFile; fileRef = AC6137262C93A6CD0040A617 /* RootView.swift */; };
		AC6137292C93A6CF0040A617 /* Assets.xcassets in Resources */ = {isa = PBXBuildFile; fileRef = AC6137282C93A6CF0040A617 /* Assets.xcassets */; };
		AC61372C2C93A6CF0040A617 /* Preview Assets.xcassets in Resources */ = {isa = PBXBuildFile; fileRef = AC61372B2C93A6CF0040A617 /* Preview Assets.xcassets */; };
		AC6137362C93A6CF0040A617 /* bluehire_frontendTests.swift in Sources */ = {isa = PBXBuildFile; fileRef = AC6137352C93A6CF0040A617 /* bluehire_frontendTests.swift */; };
		AC6137402C93A6CF0040A617 /* bluehire_frontendUITests.swift in Sources */ = {isa = PBXBuildFile; fileRef = AC61373F2C93A6CF0040A617 /* bluehire_frontendUITests.swift */; };
		AC6137422C93A6CF0040A617 /* bluehire_frontendUITestsLaunchTests.swift in Sources */ = {isa = PBXBuildFile; fileRef = AC6137412C93A6CF0040A617 /* bluehire_frontendUITestsLaunchTests.swift */; };
		ACD6F4442CE6D60300DA16B2 /* FlashcardView.swift in Sources */ = {isa = PBXBuildFile; fileRef = ACD6F4432CE6D60300DA16B2 /* FlashcardView.swift */; };
		ACD6F4462CE6D69700DA16B2 /* FlashcardViewModel.swift in Sources */ = {isa = PBXBuildFile; fileRef = ACD6F4452CE6D69700DA16B2 /* FlashcardViewModel.swift */; };
		ACFA40A62CF0D46C00E05223 /* CompanyView.swift in Sources */ = {isa = PBXBuildFile; fileRef = ACFA40A52CF0D46C00E05223 /* CompanyView.swift */; };
		ACFA40A82CF0D5CF00E05223 /* Review.swift in Sources */ = {isa = PBXBuildFile; fileRef = ACFA40A72CF0D5CF00E05223 /* Review.swift */; };
/* End PBXBuildFile section */

/* Begin PBXContainerItemProxy section */
		AC6137322C93A6CF0040A617 /* PBXContainerItemProxy */ = {
			isa = PBXContainerItemProxy;
			containerPortal = AC6137192C93A6CC0040A617 /* Project object */;
			proxyType = 1;
			remoteGlobalIDString = AC6137202C93A6CD0040A617;
			remoteInfo = "bluehire-frontend";
		};
		AC61373C2C93A6CF0040A617 /* PBXContainerItemProxy */ = {
			isa = PBXContainerItemProxy;
			containerPortal = AC6137192C93A6CC0040A617 /* Project object */;
			proxyType = 1;
			remoteGlobalIDString = AC6137202C93A6CD0040A617;
			remoteInfo = "bluehire-frontend";
		};
/* End PBXContainerItemProxy section */

/* Begin PBXFileReference section */
		AC01DA992CA7A29300B307D5 /* HomePage.swift */ = {isa = PBXFileReference; lastKnownFileType = sourcecode.swift; path = HomePage.swift; sourceTree = "<group>"; };
		AC01DA9C2CA7A32900B307D5 /* BookmarkView.swift */ = {isa = PBXFileReference; lastKnownFileType = sourcecode.swift; path = BookmarkView.swift; sourceTree = "<group>"; };
		AC01DA9F2CA7BFE800B307D5 /* BottomNavBar.swift */ = {isa = PBXFileReference; lastKnownFileType = sourcecode.swift; path = BottomNavBar.swift; sourceTree = "<group>"; };
		AC01DAA12CA7C7E000B307D5 /* BookmarkViewModel.swift */ = {isa = PBXFileReference; lastKnownFileType = sourcecode.swift; path = BookmarkViewModel.swift; sourceTree = "<group>"; };
		AC01DAA52CA7C80300B307D5 /* Bookmark.swift */ = {isa = PBXFileReference; lastKnownFileType = sourcecode.swift; path = Bookmark.swift; sourceTree = "<group>"; };
		AC6137212C93A6CD0040A617 /* bluehire-frontend.app */ = {isa = PBXFileReference; explicitFileType = wrapper.application; includeInIndex = 0; path = "bluehire-frontend.app"; sourceTree = BUILT_PRODUCTS_DIR; };
		AC6137242C93A6CD0040A617 /* bluehire_frontendApp.swift */ = {isa = PBXFileReference; lastKnownFileType = sourcecode.swift; path = bluehire_frontendApp.swift; sourceTree = "<group>"; };
		AC6137262C93A6CD0040A617 /* RootView.swift */ = {isa = PBXFileReference; lastKnownFileType = sourcecode.swift; path = RootView.swift; sourceTree = "<group>"; };
		AC6137282C93A6CF0040A617 /* Assets.xcassets */ = {isa = PBXFileReference; lastKnownFileType = folder.assetcatalog; path = Assets.xcassets; sourceTree = "<group>"; };
		AC61372B2C93A6CF0040A617 /* Preview Assets.xcassets */ = {isa = PBXFileReference; lastKnownFileType = folder.assetcatalog; path = "Preview Assets.xcassets"; sourceTree = "<group>"; };
		AC6137312C93A6CF0040A617 /* bluehire-frontendTests.xctest */ = {isa = PBXFileReference; explicitFileType = wrapper.cfbundle; includeInIndex = 0; path = "bluehire-frontendTests.xctest"; sourceTree = BUILT_PRODUCTS_DIR; };
		AC6137352C93A6CF0040A617 /* bluehire_frontendTests.swift */ = {isa = PBXFileReference; lastKnownFileType = sourcecode.swift; path = bluehire_frontendTests.swift; sourceTree = "<group>"; };
		AC61373B2C93A6CF0040A617 /* bluehire-frontendUITests.xctest */ = {isa = PBXFileReference; explicitFileType = wrapper.cfbundle; includeInIndex = 0; path = "bluehire-frontendUITests.xctest"; sourceTree = BUILT_PRODUCTS_DIR; };
		AC61373F2C93A6CF0040A617 /* bluehire_frontendUITests.swift */ = {isa = PBXFileReference; lastKnownFileType = sourcecode.swift; path = bluehire_frontendUITests.swift; sourceTree = "<group>"; };
		AC6137412C93A6CF0040A617 /* bluehire_frontendUITestsLaunchTests.swift */ = {isa = PBXFileReference; lastKnownFileType = sourcecode.swift; path = bluehire_frontendUITestsLaunchTests.swift; sourceTree = "<group>"; };
		ACD6F4432CE6D60300DA16B2 /* FlashcardView.swift */ = {isa = PBXFileReference; lastKnownFileType = sourcecode.swift; path = FlashcardView.swift; sourceTree = "<group>"; };
		ACD6F4452CE6D69700DA16B2 /* FlashcardViewModel.swift */ = {isa = PBXFileReference; lastKnownFileType = sourcecode.swift; path = FlashcardViewModel.swift; sourceTree = "<group>"; };
		ACFA40A52CF0D46C00E05223 /* CompanyView.swift */ = {isa = PBXFileReference; lastKnownFileType = sourcecode.swift; path = CompanyView.swift; sourceTree = "<group>"; };
		ACFA40A72CF0D5CF00E05223 /* Review.swift */ = {isa = PBXFileReference; lastKnownFileType = sourcecode.swift; path = Review.swift; sourceTree = "<group>"; };
/* End PBXFileReference section */

/* Begin PBXFrameworksBuildPhase section */
		AC61371E2C93A6CD0040A617 /* Frameworks */ = {
			isa = PBXFrameworksBuildPhase;
			buildActionMask = 2147483647;
			files = (
			);
			runOnlyForDeploymentPostprocessing = 0;
		};
		AC61372E2C93A6CF0040A617 /* Frameworks */ = {
			isa = PBXFrameworksBuildPhase;
			buildActionMask = 2147483647;
			files = (
			);
			runOnlyForDeploymentPostprocessing = 0;
		};
		AC6137382C93A6CF0040A617 /* Frameworks */ = {
			isa = PBXFrameworksBuildPhase;
			buildActionMask = 2147483647;
			files = (
			);
			runOnlyForDeploymentPostprocessing = 0;
		};
/* End PBXFrameworksBuildPhase section */

/* Begin PBXGroup section */
		AC0BC74A2C96317B005E936D /* Core */ = {
			isa = PBXGroup;
			children = (
				ACD6F43E2CE6D4A300DA16B2 /* Components */,
				AC4CF8672C93B2FC005BA5E4 /* ViewModels */,
				AC4CF8662C93B2F3005BA5E4 /* Models */,
				AC4CF8652C93B2E8005BA5E4 /* Views */,
			);
			path = Core;
			sourceTree = "<group>";
		};
		AC4CF8652C93B2E8005BA5E4 /* Views */ = {
			isa = PBXGroup;
			children = (
				AC01DA992CA7A29300B307D5 /* HomePage.swift */,
				AC01DA9C2CA7A32900B307D5 /* BookmarkView.swift */,
				ACD6F4432CE6D60300DA16B2 /* FlashcardView.swift */,
				ACFA40A52CF0D46C00E05223 /* CompanyView.swift */,
			);
			path = Views;
			sourceTree = "<group>";
		};
		AC4CF8662C93B2F3005BA5E4 /* Models */ = {
			isa = PBXGroup;
			children = (
				AC01DAA52CA7C80300B307D5 /* Bookmark.swift */,
				ACFA40A72CF0D5CF00E05223 /* Review.swift */,
			);
			path = Models;
			sourceTree = "<group>";
		};
		AC4CF8672C93B2FC005BA5E4 /* ViewModels */ = {
			isa = PBXGroup;
			children = (
				AC01DAA12CA7C7E000B307D5 /* BookmarkViewModel.swift */,
				ACD6F4452CE6D69700DA16B2 /* FlashcardViewModel.swift */,
			);
			path = ViewModels;
			sourceTree = "<group>";
		};
		AC6137182C93A6CC0040A617 = {
			isa = PBXGroup;
			children = (
				AC6137232C93A6CD0040A617 /* bluehire-frontend */,
				AC6137342C93A6CF0040A617 /* bluehire-frontendTests */,
				AC61373E2C93A6CF0040A617 /* bluehire-frontendUITests */,
				AC6137222C93A6CD0040A617 /* Products */,
			);
			sourceTree = "<group>";
		};
		AC6137222C93A6CD0040A617 /* Products */ = {
			isa = PBXGroup;
			children = (
				AC6137212C93A6CD0040A617 /* bluehire-frontend.app */,
				AC6137312C93A6CF0040A617 /* bluehire-frontendTests.xctest */,
				AC61373B2C93A6CF0040A617 /* bluehire-frontendUITests.xctest */,
			);
			name = Products;
			sourceTree = "<group>";
		};
		AC6137232C93A6CD0040A617 /* bluehire-frontend */ = {
			isa = PBXGroup;
			children = (
				AC0BC74A2C96317B005E936D /* Core */,
				AC6137242C93A6CD0040A617 /* bluehire_frontendApp.swift */,
				AC6137262C93A6CD0040A617 /* RootView.swift */,
				AC6137282C93A6CF0040A617 /* Assets.xcassets */,
				AC61372A2C93A6CF0040A617 /* Preview Content */,
			);
			path = "bluehire-frontend";
			sourceTree = "<group>";
		};
		AC61372A2C93A6CF0040A617 /* Preview Content */ = {
			isa = PBXGroup;
			children = (
				AC61372B2C93A6CF0040A617 /* Preview Assets.xcassets */,
			);
			path = "Preview Content";
			sourceTree = "<group>";
		};
		AC6137342C93A6CF0040A617 /* bluehire-frontendTests */ = {
			isa = PBXGroup;
			children = (
				AC6137352C93A6CF0040A617 /* bluehire_frontendTests.swift */,
			);
			path = "bluehire-frontendTests";
			sourceTree = "<group>";
		};
		AC61373E2C93A6CF0040A617 /* bluehire-frontendUITests */ = {
			isa = PBXGroup;
			children = (
				AC61373F2C93A6CF0040A617 /* bluehire_frontendUITests.swift */,
				AC6137412C93A6CF0040A617 /* bluehire_frontendUITestsLaunchTests.swift */,
			);
			path = "bluehire-frontendUITests";
			sourceTree = "<group>";
		};
		ACD6F43E2CE6D4A300DA16B2 /* Components */ = {
			isa = PBXGroup;
			children = (
				AC01DA9F2CA7BFE800B307D5 /* BottomNavBar.swift */,
			);
			path = Components;
			sourceTree = "<group>";
		};
/* End PBXGroup section */

/* Begin PBXNativeTarget section */
		AC6137202C93A6CD0040A617 /* bluehire-frontend */ = {
			isa = PBXNativeTarget;
			buildConfigurationList = AC6137452C93A6CF0040A617 /* Build configuration list for PBXNativeTarget "bluehire-frontend" */;
			buildPhases = (
				AC61371D2C93A6CD0040A617 /* Sources */,
				AC61371E2C93A6CD0040A617 /* Frameworks */,
				AC61371F2C93A6CD0040A617 /* Resources */,
			);
			buildRules = (
			);
			dependencies = (
			);
			name = "bluehire-frontend";
			productName = "bluehire-frontend";
			productReference = AC6137212C93A6CD0040A617 /* bluehire-frontend.app */;
			productType = "com.apple.product-type.application";
		};
		AC6137302C93A6CF0040A617 /* bluehire-frontendTests */ = {
			isa = PBXNativeTarget;
			buildConfigurationList = AC6137482C93A6CF0040A617 /* Build configuration list for PBXNativeTarget "bluehire-frontendTests" */;
			buildPhases = (
				AC61372D2C93A6CF0040A617 /* Sources */,
				AC61372E2C93A6CF0040A617 /* Frameworks */,
				AC61372F2C93A6CF0040A617 /* Resources */,
			);
			buildRules = (
			);
			dependencies = (
				AC6137332C93A6CF0040A617 /* PBXTargetDependency */,
			);
			name = "bluehire-frontendTests";
			productName = "bluehire-frontendTests";
			productReference = AC6137312C93A6CF0040A617 /* bluehire-frontendTests.xctest */;
			productType = "com.apple.product-type.bundle.unit-test";
		};
		AC61373A2C93A6CF0040A617 /* bluehire-frontendUITests */ = {
			isa = PBXNativeTarget;
			buildConfigurationList = AC61374B2C93A6CF0040A617 /* Build configuration list for PBXNativeTarget "bluehire-frontendUITests" */;
			buildPhases = (
				AC6137372C93A6CF0040A617 /* Sources */,
				AC6137382C93A6CF0040A617 /* Frameworks */,
				AC6137392C93A6CF0040A617 /* Resources */,
			);
			buildRules = (
			);
			dependencies = (
				AC61373D2C93A6CF0040A617 /* PBXTargetDependency */,
			);
			name = "bluehire-frontendUITests";
			productName = "bluehire-frontendUITests";
			productReference = AC61373B2C93A6CF0040A617 /* bluehire-frontendUITests.xctest */;
			productType = "com.apple.product-type.bundle.ui-testing";
		};
/* End PBXNativeTarget section */

/* Begin PBXProject section */
		AC6137192C93A6CC0040A617 /* Project object */ = {
			isa = PBXProject;
			attributes = {
				BuildIndependentTargetsInParallel = 1;
				LastSwiftUpdateCheck = 1540;
				LastUpgradeCheck = 1600;
				TargetAttributes = {
					AC6137202C93A6CD0040A617 = {
						CreatedOnToolsVersion = 15.4;
					};
					AC6137302C93A6CF0040A617 = {
						CreatedOnToolsVersion = 15.4;
						TestTargetID = AC6137202C93A6CD0040A617;
					};
					AC61373A2C93A6CF0040A617 = {
						CreatedOnToolsVersion = 15.4;
						TestTargetID = AC6137202C93A6CD0040A617;
					};
				};
			};
			buildConfigurationList = AC61371C2C93A6CD0040A617 /* Build configuration list for PBXProject "bluehire-frontend" */;
			compatibilityVersion = "Xcode 14.0";
			developmentRegion = en;
			hasScannedForEncodings = 0;
			knownRegions = (
				en,
				Base,
			);
			mainGroup = AC6137182C93A6CC0040A617;
			productRefGroup = AC6137222C93A6CD0040A617 /* Products */;
			projectDirPath = "";
			projectRoot = "";
			targets = (
				AC6137202C93A6CD0040A617 /* bluehire-frontend */,
				AC6137302C93A6CF0040A617 /* bluehire-frontendTests */,
				AC61373A2C93A6CF0040A617 /* bluehire-frontendUITests */,
			);
		};
/* End PBXProject section */

/* Begin PBXResourcesBuildPhase section */
		AC61371F2C93A6CD0040A617 /* Resources */ = {
			isa = PBXResourcesBuildPhase;
			buildActionMask = 2147483647;
			files = (
				AC61372C2C93A6CF0040A617 /* Preview Assets.xcassets in Resources */,
				AC6137292C93A6CF0040A617 /* Assets.xcassets in Resources */,
			);
			runOnlyForDeploymentPostprocessing = 0;
		};
		AC61372F2C93A6CF0040A617 /* Resources */ = {
			isa = PBXResourcesBuildPhase;
			buildActionMask = 2147483647;
			files = (
			);
			runOnlyForDeploymentPostprocessing = 0;
		};
		AC6137392C93A6CF0040A617 /* Resources */ = {
			isa = PBXResourcesBuildPhase;
			buildActionMask = 2147483647;
			files = (
			);
			runOnlyForDeploymentPostprocessing = 0;
		};
/* End PBXResourcesBuildPhase section */

/* Begin PBXSourcesBuildPhase section */
		AC61371D2C93A6CD0040A617 /* Sources */ = {
			isa = PBXSourcesBuildPhase;
			buildActionMask = 2147483647;
			files = (
				AC6137272C93A6CD0040A617 /* RootView.swift in Sources */,
				ACD6F4442CE6D60300DA16B2 /* FlashcardView.swift in Sources */,
				AC01DAA22CA7C7E000B307D5 /* BookmarkViewModel.swift in Sources */,
				AC01DA9D2CA7A32900B307D5 /* BookmarkView.swift in Sources */,
				AC01DAA02CA7BFE800B307D5 /* BottomNavBar.swift in Sources */,
				AC01DA9A2CA7A29A00B307D5 /* HomePage.swift in Sources */,
				ACFA40A82CF0D5CF00E05223 /* Review.swift in Sources */,
				ACD6F4462CE6D69700DA16B2 /* FlashcardViewModel.swift in Sources */,
				AC01DAA62CA7C80300B307D5 /* Bookmark.swift in Sources */,
				ACFA40A62CF0D46C00E05223 /* CompanyView.swift in Sources */,
				AC6137252C93A6CD0040A617 /* bluehire_frontendApp.swift in Sources */,
			);
			runOnlyForDeploymentPostprocessing = 0;
		};
		AC61372D2C93A6CF0040A617 /* Sources */ = {
			isa = PBXSourcesBuildPhase;
			buildActionMask = 2147483647;
			files = (
				AC6137362C93A6CF0040A617 /* bluehire_frontendTests.swift in Sources */,
			);
			runOnlyForDeploymentPostprocessing = 0;
		};
		AC6137372C93A6CF0040A617 /* Sources */ = {
			isa = PBXSourcesBuildPhase;
			buildActionMask = 2147483647;
			files = (
				AC6137422C93A6CF0040A617 /* bluehire_frontendUITestsLaunchTests.swift in Sources */,
				AC6137402C93A6CF0040A617 /* bluehire_frontendUITests.swift in Sources */,
			);
			runOnlyForDeploymentPostprocessing = 0;
		};
/* End PBXSourcesBuildPhase section */

/* Begin PBXTargetDependency section */
		AC6137332C93A6CF0040A617 /* PBXTargetDependency */ = {
			isa = PBXTargetDependency;
			target = AC6137202C93A6CD0040A617 /* bluehire-frontend */;
			targetProxy = AC6137322C93A6CF0040A617 /* PBXContainerItemProxy */;
		};
		AC61373D2C93A6CF0040A617 /* PBXTargetDependency */ = {
			isa = PBXTargetDependency;
			target = AC6137202C93A6CD0040A617 /* bluehire-frontend */;
			targetProxy = AC61373C2C93A6CF0040A617 /* PBXContainerItemProxy */;
		};
/* End PBXTargetDependency section */

/* Begin XCBuildConfiguration section */
		AC6137432C93A6CF0040A617 /* Debug */ = {
			isa = XCBuildConfiguration;
			buildSettings = {
				ALWAYS_SEARCH_USER_PATHS = NO;
				ASSETCATALOG_COMPILER_GENERATE_SWIFT_ASSET_SYMBOL_EXTENSIONS = YES;
				CLANG_ANALYZER_NONNULL = YES;
				CLANG_ANALYZER_NUMBER_OBJECT_CONVERSION = YES_AGGRESSIVE;
				CLANG_CXX_LANGUAGE_STANDARD = "gnu++20";
				CLANG_ENABLE_MODULES = YES;
				CLANG_ENABLE_OBJC_ARC = YES;
				CLANG_ENABLE_OBJC_WEAK = YES;
				CLANG_WARN_BLOCK_CAPTURE_AUTORELEASING = YES;
				CLANG_WARN_BOOL_CONVERSION = YES;
				CLANG_WARN_COMMA = YES;
				CLANG_WARN_CONSTANT_CONVERSION = YES;
				CLANG_WARN_DEPRECATED_OBJC_IMPLEMENTATIONS = YES;
				CLANG_WARN_DIRECT_OBJC_ISA_USAGE = YES_ERROR;
				CLANG_WARN_DOCUMENTATION_COMMENTS = YES;
				CLANG_WARN_EMPTY_BODY = YES;
				CLANG_WARN_ENUM_CONVERSION = YES;
				CLANG_WARN_INFINITE_RECURSION = YES;
				CLANG_WARN_INT_CONVERSION = YES;
				CLANG_WARN_NON_LITERAL_NULL_CONVERSION = YES;
				CLANG_WARN_OBJC_IMPLICIT_RETAIN_SELF = YES;
				CLANG_WARN_OBJC_LITERAL_CONVERSION = YES;
				CLANG_WARN_OBJC_ROOT_CLASS = YES_ERROR;
				CLANG_WARN_QUOTED_INCLUDE_IN_FRAMEWORK_HEADER = YES;
				CLANG_WARN_RANGE_LOOP_ANALYSIS = YES;
				CLANG_WARN_STRICT_PROTOTYPES = YES;
				CLANG_WARN_SUSPICIOUS_MOVE = YES;
				CLANG_WARN_UNGUARDED_AVAILABILITY = YES_AGGRESSIVE;
				CLANG_WARN_UNREACHABLE_CODE = YES;
				CLANG_WARN__DUPLICATE_METHOD_MATCH = YES;
				COPY_PHASE_STRIP = NO;
				DEBUG_INFORMATION_FORMAT = dwarf;
				ENABLE_STRICT_OBJC_MSGSEND = YES;
				ENABLE_TESTABILITY = YES;
				ENABLE_USER_SCRIPT_SANDBOXING = YES;
				GCC_C_LANGUAGE_STANDARD = gnu17;
				GCC_DYNAMIC_NO_PIC = NO;
				GCC_NO_COMMON_BLOCKS = YES;
				GCC_OPTIMIZATION_LEVEL = 0;
				GCC_PREPROCESSOR_DEFINITIONS = (
					"DEBUG=1",
					"$(inherited)",
				);
				GCC_WARN_64_TO_32_BIT_CONVERSION = YES;
				GCC_WARN_ABOUT_RETURN_TYPE = YES_ERROR;
				GCC_WARN_UNDECLARED_SELECTOR = YES;
				GCC_WARN_UNINITIALIZED_AUTOS = YES_AGGRESSIVE;
				GCC_WARN_UNUSED_FUNCTION = YES;
				GCC_WARN_UNUSED_VARIABLE = YES;
				IPHONEOS_DEPLOYMENT_TARGET = 17.5;
				LOCALIZATION_PREFERS_STRING_CATALOGS = YES;
				MTL_ENABLE_DEBUG_INFO = INCLUDE_SOURCE;
				MTL_FAST_MATH = YES;
				ONLY_ACTIVE_ARCH = YES;
				SDKROOT = iphoneos;
				SWIFT_ACTIVE_COMPILATION_CONDITIONS = "DEBUG $(inherited)";
				SWIFT_OPTIMIZATION_LEVEL = "-Onone";
			};
			name = Debug;
		};
		AC6137442C93A6CF0040A617 /* Release */ = {
			isa = XCBuildConfiguration;
			buildSettings = {
				ALWAYS_SEARCH_USER_PATHS = NO;
				ASSETCATALOG_COMPILER_GENERATE_SWIFT_ASSET_SYMBOL_EXTENSIONS = YES;
				CLANG_ANALYZER_NONNULL = YES;
				CLANG_ANALYZER_NUMBER_OBJECT_CONVERSION = YES_AGGRESSIVE;
				CLANG_CXX_LANGUAGE_STANDARD = "gnu++20";
				CLANG_ENABLE_MODULES = YES;
				CLANG_ENABLE_OBJC_ARC = YES;
				CLANG_ENABLE_OBJC_WEAK = YES;
				CLANG_WARN_BLOCK_CAPTURE_AUTORELEASING = YES;
				CLANG_WARN_BOOL_CONVERSION = YES;
				CLANG_WARN_COMMA = YES;
				CLANG_WARN_CONSTANT_CONVERSION = YES;
				CLANG_WARN_DEPRECATED_OBJC_IMPLEMENTATIONS = YES;
				CLANG_WARN_DIRECT_OBJC_ISA_USAGE = YES_ERROR;
				CLANG_WARN_DOCUMENTATION_COMMENTS = YES;
				CLANG_WARN_EMPTY_BODY = YES;
				CLANG_WARN_ENUM_CONVERSION = YES;
				CLANG_WARN_INFINITE_RECURSION = YES;
				CLANG_WARN_INT_CONVERSION = YES;
				CLANG_WARN_NON_LITERAL_NULL_CONVERSION = YES;
				CLANG_WARN_OBJC_IMPLICIT_RETAIN_SELF = YES;
				CLANG_WARN_OBJC_LITERAL_CONVERSION = YES;
				CLANG_WARN_OBJC_ROOT_CLASS = YES_ERROR;
				CLANG_WARN_QUOTED_INCLUDE_IN_FRAMEWORK_HEADER = YES;
				CLANG_WARN_RANGE_LOOP_ANALYSIS = YES;
				CLANG_WARN_STRICT_PROTOTYPES = YES;
				CLANG_WARN_SUSPICIOUS_MOVE = YES;
				CLANG_WARN_UNGUARDED_AVAILABILITY = YES_AGGRESSIVE;
				CLANG_WARN_UNREACHABLE_CODE = YES;
				CLANG_WARN__DUPLICATE_METHOD_MATCH = YES;
				COPY_PHASE_STRIP = NO;
				DEBUG_INFORMATION_FORMAT = "dwarf-with-dsym";
				ENABLE_NS_ASSERTIONS = NO;
				ENABLE_STRICT_OBJC_MSGSEND = YES;
				ENABLE_USER_SCRIPT_SANDBOXING = YES;
				GCC_C_LANGUAGE_STANDARD = gnu17;
				GCC_NO_COMMON_BLOCKS = YES;
				GCC_WARN_64_TO_32_BIT_CONVERSION = YES;
				GCC_WARN_ABOUT_RETURN_TYPE = YES_ERROR;
				GCC_WARN_UNDECLARED_SELECTOR = YES;
				GCC_WARN_UNINITIALIZED_AUTOS = YES_AGGRESSIVE;
				GCC_WARN_UNUSED_FUNCTION = YES;
				GCC_WARN_UNUSED_VARIABLE = YES;
				IPHONEOS_DEPLOYMENT_TARGET = 17.5;
				LOCALIZATION_PREFERS_STRING_CATALOGS = YES;
				MTL_ENABLE_DEBUG_INFO = NO;
				MTL_FAST_MATH = YES;
				SDKROOT = iphoneos;
				SWIFT_COMPILATION_MODE = wholemodule;
				VALIDATE_PRODUCT = YES;
			};
			name = Release;
		};
		AC6137462C93A6CF0040A617 /* Debug */ = {
			isa = XCBuildConfiguration;
			buildSettings = {
				ASSETCATALOG_COMPILER_APPICON_NAME = AppIcon;
				ASSETCATALOG_COMPILER_GLOBAL_ACCENT_COLOR_NAME = AccentColor;
				CODE_SIGN_STYLE = Automatic;
				CURRENT_PROJECT_VERSION = 1;
				DEVELOPMENT_ASSET_PATHS = "\"bluehire-frontend/Preview Content\"";
				DEVELOPMENT_TEAM = UJJ249DMTZ;
				ENABLE_PREVIEWS = YES;
				GENERATE_INFOPLIST_FILE = YES;
				INFOPLIST_KEY_UIApplicationSceneManifest_Generation = YES;
				INFOPLIST_KEY_UIApplicationSupportsIndirectInputEvents = YES;
				INFOPLIST_KEY_UILaunchScreen_Generation = YES;
				INFOPLIST_KEY_UISupportedInterfaceOrientations_iPad = "UIInterfaceOrientationPortrait UIInterfaceOrientationPortraitUpsideDown UIInterfaceOrientationLandscapeLeft UIInterfaceOrientationLandscapeRight";
				INFOPLIST_KEY_UISupportedInterfaceOrientations_iPhone = "UIInterfaceOrientationPortrait UIInterfaceOrientationLandscapeLeft UIInterfaceOrientationLandscapeRight";
				LD_RUNPATH_SEARCH_PATHS = (
					"$(inherited)",
					"@executable_path/Frameworks",
				);
				MARKETING_VERSION = 1.0;
				PRODUCT_BUNDLE_IDENTIFIER = "com.tzeyi.bluehire-frontend";
				PRODUCT_NAME = "$(TARGET_NAME)";
				SWIFT_EMIT_LOC_STRINGS = YES;
				SWIFT_VERSION = 5.0;
				TARGETED_DEVICE_FAMILY = "1,2";
			};
			name = Debug;
		};
		AC6137472C93A6CF0040A617 /* Release */ = {
			isa = XCBuildConfiguration;
			buildSettings = {
				ASSETCATALOG_COMPILER_APPICON_NAME = AppIcon;
				ASSETCATALOG_COMPILER_GLOBAL_ACCENT_COLOR_NAME = AccentColor;
				CODE_SIGN_STYLE = Automatic;
				CURRENT_PROJECT_VERSION = 1;
				DEVELOPMENT_ASSET_PATHS = "\"bluehire-frontend/Preview Content\"";
				DEVELOPMENT_TEAM = UJJ249DMTZ;
				ENABLE_PREVIEWS = YES;
				GENERATE_INFOPLIST_FILE = YES;
				INFOPLIST_KEY_UIApplicationSceneManifest_Generation = YES;
				INFOPLIST_KEY_UIApplicationSupportsIndirectInputEvents = YES;
				INFOPLIST_KEY_UILaunchScreen_Generation = YES;
				INFOPLIST_KEY_UISupportedInterfaceOrientations_iPad = "UIInterfaceOrientationPortrait UIInterfaceOrientationPortraitUpsideDown UIInterfaceOrientationLandscapeLeft UIInterfaceOrientationLandscapeRight";
				INFOPLIST_KEY_UISupportedInterfaceOrientations_iPhone = "UIInterfaceOrientationPortrait UIInterfaceOrientationLandscapeLeft UIInterfaceOrientationLandscapeRight";
				LD_RUNPATH_SEARCH_PATHS = (
					"$(inherited)",
					"@executable_path/Frameworks",
				);
				MARKETING_VERSION = 1.0;
				PRODUCT_BUNDLE_IDENTIFIER = "com.tzeyi.bluehire-frontend";
				PRODUCT_NAME = "$(TARGET_NAME)";
				SWIFT_EMIT_LOC_STRINGS = YES;
				SWIFT_VERSION = 5.0;
				TARGETED_DEVICE_FAMILY = "1,2";
			};
			name = Release;
		};
		AC6137492C93A6CF0040A617 /* Debug */ = {
			isa = XCBuildConfiguration;
			buildSettings = {
				BUNDLE_LOADER = "$(TEST_HOST)";
				CODE_SIGN_STYLE = Automatic;
				CURRENT_PROJECT_VERSION = 1;
				DEVELOPMENT_TEAM = UJJ249DMTZ;
				GENERATE_INFOPLIST_FILE = YES;
				IPHONEOS_DEPLOYMENT_TARGET = 17.5;
				MARKETING_VERSION = 1.0;
				PRODUCT_BUNDLE_IDENTIFIER = "com.tzeyi.bluehire-frontendTests";
				PRODUCT_NAME = "$(TARGET_NAME)";
				SWIFT_EMIT_LOC_STRINGS = NO;
				SWIFT_VERSION = 5.0;
				TARGETED_DEVICE_FAMILY = "1,2";
				TEST_HOST = "$(BUILT_PRODUCTS_DIR)/bluehire-frontend.app/$(BUNDLE_EXECUTABLE_FOLDER_PATH)/bluehire-frontend";
			};
			name = Debug;
		};
		AC61374A2C93A6CF0040A617 /* Release */ = {
			isa = XCBuildConfiguration;
			buildSettings = {
				BUNDLE_LOADER = "$(TEST_HOST)";
				CODE_SIGN_STYLE = Automatic;
				CURRENT_PROJECT_VERSION = 1;
				DEVELOPMENT_TEAM = UJJ249DMTZ;
				GENERATE_INFOPLIST_FILE = YES;
				IPHONEOS_DEPLOYMENT_TARGET = 17.5;
				MARKETING_VERSION = 1.0;
				PRODUCT_BUNDLE_IDENTIFIER = "com.tzeyi.bluehire-frontendTests";
				PRODUCT_NAME = "$(TARGET_NAME)";
				SWIFT_EMIT_LOC_STRINGS = NO;
				SWIFT_VERSION = 5.0;
				TARGETED_DEVICE_FAMILY = "1,2";
				TEST_HOST = "$(BUILT_PRODUCTS_DIR)/bluehire-frontend.app/$(BUNDLE_EXECUTABLE_FOLDER_PATH)/bluehire-frontend";
			};
			name = Release;
		};
		AC61374C2C93A6CF0040A617 /* Debug */ = {
			isa = XCBuildConfiguration;
			buildSettings = {
				CODE_SIGN_STYLE = Automatic;
				CURRENT_PROJECT_VERSION = 1;
				DEVELOPMENT_TEAM = UJJ249DMTZ;
				GENERATE_INFOPLIST_FILE = YES;
				MARKETING_VERSION = 1.0;
				PRODUCT_BUNDLE_IDENTIFIER = "com.tzeyi.bluehire-frontendUITests";
				PRODUCT_NAME = "$(TARGET_NAME)";
				SWIFT_EMIT_LOC_STRINGS = NO;
				SWIFT_VERSION = 5.0;
				TARGETED_DEVICE_FAMILY = "1,2";
				TEST_TARGET_NAME = "bluehire-frontend";
			};
			name = Debug;
		};
		AC61374D2C93A6CF0040A617 /* Release */ = {
			isa = XCBuildConfiguration;
			buildSettings = {
				CODE_SIGN_STYLE = Automatic;
				CURRENT_PROJECT_VERSION = 1;
				DEVELOPMENT_TEAM = UJJ249DMTZ;
				GENERATE_INFOPLIST_FILE = YES;
				MARKETING_VERSION = 1.0;
				PRODUCT_BUNDLE_IDENTIFIER = "com.tzeyi.bluehire-frontendUITests";
				PRODUCT_NAME = "$(TARGET_NAME)";
				SWIFT_EMIT_LOC_STRINGS = NO;
				SWIFT_VERSION = 5.0;
				TARGETED_DEVICE_FAMILY = "1,2";
				TEST_TARGET_NAME = "bluehire-frontend";
			};
			name = Release;
		};
/* End XCBuildConfiguration section */

/* Begin XCConfigurationList section */
		AC61371C2C93A6CD0040A617 /* Build configuration list for PBXProject "bluehire-frontend" */ = {
			isa = XCConfigurationList;
			buildConfigurations = (
				AC6137432C93A6CF0040A617 /* Debug */,
				AC6137442C93A6CF0040A617 /* Release */,
			);
			defaultConfigurationIsVisible = 0;
			defaultConfigurationName = Release;
		};
		AC6137452C93A6CF0040A617 /* Build configuration list for PBXNativeTarget "bluehire-frontend" */ = {
			isa = XCConfigurationList;
			buildConfigurations = (
				AC6137462C93A6CF0040A617 /* Debug */,
				AC6137472C93A6CF0040A617 /* Release */,
			);
			defaultConfigurationIsVisible = 0;
			defaultConfigurationName = Release;
		};
		AC6137482C93A6CF0040A617 /* Build configuration list for PBXNativeTarget "bluehire-frontendTests" */ = {
			isa = XCConfigurationList;
			buildConfigurations = (
				AC6137492C93A6CF0040A617 /* Debug */,
				AC61374A2C93A6CF0040A617 /* Release */,
			);
			defaultConfigurationIsVisible = 0;
			defaultConfigurationName = Release;
		};
		AC61374B2C93A6CF0040A617 /* Build configuration list for PBXNativeTarget "bluehire-frontendUITests" */ = {
			isa = XCConfigurationList;
			buildConfigurations = (
				AC61374C2C93A6CF0040A617 /* Debug */,
				AC61374D2C93A6CF0040A617 /* Release */,
			);
			defaultConfigurationIsVisible = 0;
			defaultConfigurationName = Release;
		};
/* End XCConfigurationList section */
	};
	rootObject = AC6137192C93A6CC0040A617 /* Project object */;
}
